
Microsoft Visual Studio Solution File, Format Version 12.00
# Visual Studio Version 17
VisualStudioVersion = 17.9.34616.47
MinimumVisualStudioVersion = 10.0.40219.1
Project("{FAE04EC0-301F-11D3-BF4B-00C04F79EFBC}") = "1137. N-th Tribonacci Number", "1137. N-th Tribonacci Number.csproj", "{39400E59-493B-45E9-84E1-435C36865461}"
EndProject
Global
	GlobalSection(SolutionConfigurationPlatforms) = preSolution
		Debug|Any CPU = Debug|Any CPU
		Release|Any CPU = Release|Any CPU
	EndGlobalSection
	GlobalSection(ProjectConfigurationPlatforms) = postSolution
		{39400E59-493B-45E9-84E1-435C36865461}.Debug|Any CPU.ActiveCfg = Debug|Any CPU
		{39400E59-493B-45E9-84E1-435C36865461}.Debug|Any CPU.Build.0 = Debug|Any CPU
		{39400E59-493B-45E9-84E1-435C36865461}.Release|Any CPU.ActiveCfg = Release|Any CPU
		{39400E59-493B-45E9-84E1-435C36865461}.Release|Any CPU.Build.0 = Release|Any CPU
	EndGlobalSection
	GlobalSection(SolutionProperties) = preSolution
		HideSolutionNode = FALSE
	EndGlobalSection
	GlobalSection(ExtensibilityGlobals) = postSolution
		SolutionGuid = {D8E29FC9-AD5B-46AA-92BB-B7A63DA3DFEC}
	EndGlobalSection
EndGlobal
