
Microsoft Visual Studio Solution File, Format Version 12.00
# Visual Studio Version 17
VisualStudioVersion = 17.7.34202.233
MinimumVisualStudioVersion = 10.0.40219.1
Project("{FAE04EC0-301F-11D3-BF4B-00C04F79EFBC}") = "66. Plus One", "66. Plus One.csproj", "{806C64D9-D4CF-4826-A5B2-275F9606EAEB}"
EndProject
Global
	GlobalSection(SolutionConfigurationPlatforms) = preSolution
		Debug|Any CPU = Debug|Any CPU
		Release|Any CPU = Release|Any CPU
	EndGlobalSection
	GlobalSection(ProjectConfigurationPlatforms) = postSolution
		{806C64D9-D4CF-4826-A5B2-275F9606EAEB}.Debug|Any CPU.ActiveCfg = Debug|Any CPU
		{806C64D9-D4CF-4826-A5B2-275F9606EAEB}.Debug|Any CPU.Build.0 = Debug|Any CPU
		{806C64D9-D4CF-4826-A5B2-275F9606EAEB}.Release|Any CPU.ActiveCfg = Release|Any CPU
		{806C64D9-D4CF-4826-A5B2-275F9606EAEB}.Release|Any CPU.Build.0 = Release|Any CPU
	EndGlobalSection
	GlobalSection(SolutionProperties) = preSolution
		HideSolutionNode = FALSE
	EndGlobalSection
	GlobalSection(ExtensibilityGlobals) = postSolution
		SolutionGuid = {D26D254B-3A01-4A52-B227-1C77B7831F46}
	EndGlobalSection
EndGlobal
