
Microsoft Visual Studio Solution File, Format Version 12.00
# Visual Studio Version 17
VisualStudioVersion = 17.11.35327.3
MinimumVisualStudioVersion = 10.0.40219.1
Project("{FAE04EC0-301F-11D3-BF4B-00C04F79EFBC}") = "3105. Longest Strictly Increasing or Strictly Decreasing Subarray", "3105. Longest Strictly Increasing or Strictly Decreasing Subarray.csproj", "{5C244390-9EA4-48A5-A13C-EB8406047838}"
EndProject
Global
	GlobalSection(SolutionConfigurationPlatforms) = preSolution
		Debug|Any CPU = Debug|Any CPU
		Release|Any CPU = Release|Any CPU
	EndGlobalSection
	GlobalSection(ProjectConfigurationPlatforms) = postSolution
		{5C244390-9EA4-48A5-A13C-EB8406047838}.Debug|Any CPU.ActiveCfg = Debug|Any CPU
		{5C244390-9EA4-48A5-A13C-EB8406047838}.Debug|Any CPU.Build.0 = Debug|Any CPU
		{5C244390-9EA4-48A5-A13C-EB8406047838}.Release|Any CPU.ActiveCfg = Release|Any CPU
		{5C244390-9EA4-48A5-A13C-EB8406047838}.Release|Any CPU.Build.0 = Release|Any CPU
	EndGlobalSection
	GlobalSection(SolutionProperties) = preSolution
		HideSolutionNode = FALSE
	EndGlobalSection
	GlobalSection(ExtensibilityGlobals) = postSolution
		SolutionGuid = {5C98CF7C-55E6-4226-9EA4-0EEDAA9DD4D4}
	EndGlobalSection
EndGlobal
