
Microsoft Visual Studio Solution File, Format Version 12.00
# Visual Studio Version 17
VisualStudioVersion = 17.7.34202.233
MinimumVisualStudioVersion = 10.0.40219.1
Project("{FAE04EC0-301F-11D3-BF4B-00C04F79EFBC}") = "739. Daily Temperatures", "739. Daily Temperatures.csproj", "{894D476A-7BE4-4367-8553-E83A513CE053}"
EndProject
Global
	GlobalSection(SolutionConfigurationPlatforms) = preSolution
		Debug|Any CPU = Debug|Any CPU
		Release|Any CPU = Release|Any CPU
	EndGlobalSection
	GlobalSection(ProjectConfigurationPlatforms) = postSolution
		{894D476A-7BE4-4367-8553-E83A513CE053}.Debug|Any CPU.ActiveCfg = Debug|Any CPU
		{894D476A-7BE4-4367-8553-E83A513CE053}.Debug|Any CPU.Build.0 = Debug|Any CPU
		{894D476A-7BE4-4367-8553-E83A513CE053}.Release|Any CPU.ActiveCfg = Release|Any CPU
		{894D476A-7BE4-4367-8553-E83A513CE053}.Release|Any CPU.Build.0 = Release|Any CPU
	EndGlobalSection
	GlobalSection(SolutionProperties) = preSolution
		HideSolutionNode = FALSE
	EndGlobalSection
	GlobalSection(ExtensibilityGlobals) = postSolution
		SolutionGuid = {E2619F0E-CE23-476E-8E96-6125505C897E}
	EndGlobalSection
EndGlobal
