
Microsoft Visual Studio Solution File, Format Version 12.00
# Visual Studio Version 17
VisualStudioVersion = 17.8.34511.84
MinimumVisualStudioVersion = 10.0.40219.1
Project("{FAE04EC0-301F-11D3-BF4B-00C04F79EFBC}") = "1894. Find the Student that Will Replace the Chalk", "1894. Find the Student that Will Replace the Chalk.csproj", "{145CFB8B-9CF0-49C4-8675-6433A215D20C}"
EndProject
Global
	GlobalSection(SolutionConfigurationPlatforms) = preSolution
		Debug|Any CPU = Debug|Any CPU
		Release|Any CPU = Release|Any CPU
	EndGlobalSection
	GlobalSection(ProjectConfigurationPlatforms) = postSolution
		{145CFB8B-9CF0-49C4-8675-6433A215D20C}.Debug|Any CPU.ActiveCfg = Debug|Any CPU
		{145CFB8B-9CF0-49C4-8675-6433A215D20C}.Debug|Any CPU.Build.0 = Debug|Any CPU
		{145CFB8B-9CF0-49C4-8675-6433A215D20C}.Release|Any CPU.ActiveCfg = Release|Any CPU
		{145CFB8B-9CF0-49C4-8675-6433A215D20C}.Release|Any CPU.Build.0 = Release|Any CPU
	EndGlobalSection
	GlobalSection(SolutionProperties) = preSolution
		HideSolutionNode = FALSE
	EndGlobalSection
	GlobalSection(ExtensibilityGlobals) = postSolution
		SolutionGuid = {18EE4693-43E9-420B-9FB6-D0FE88D0B881}
	EndGlobalSection
EndGlobal
