
Microsoft Visual Studio Solution File, Format Version 12.00
# Visual Studio Version 17
VisualStudioVersion = 17.11.35327.3
MinimumVisualStudioVersion = 10.0.40219.1
Project("{FAE04EC0-301F-11D3-BF4B-00C04F79EFBC}") = "228. Summary Ranges", "228. Summary Ranges.csproj", "{73D88D4E-D23D-40BA-B16E-AB7C8C36DE9E}"
EndProject
Global
	GlobalSection(SolutionConfigurationPlatforms) = preSolution
		Debug|Any CPU = Debug|Any CPU
		Release|Any CPU = Release|Any CPU
	EndGlobalSection
	GlobalSection(ProjectConfigurationPlatforms) = postSolution
		{73D88D4E-D23D-40BA-B16E-AB7C8C36DE9E}.Debug|Any CPU.ActiveCfg = Debug|Any CPU
		{73D88D4E-D23D-40BA-B16E-AB7C8C36DE9E}.Debug|Any CPU.Build.0 = Debug|Any CPU
		{73D88D4E-D23D-40BA-B16E-AB7C8C36DE9E}.Release|Any CPU.ActiveCfg = Release|Any CPU
		{73D88D4E-D23D-40BA-B16E-AB7C8C36DE9E}.Release|Any CPU.Build.0 = Release|Any CPU
	EndGlobalSection
	GlobalSection(SolutionProperties) = preSolution
		HideSolutionNode = FALSE
	EndGlobalSection
	GlobalSection(ExtensibilityGlobals) = postSolution
		SolutionGuid = {5A30704A-714C-493C-AD47-39F0D8492212}
	EndGlobalSection
EndGlobal
