
Microsoft Visual Studio Solution File, Format Version 12.00
# Visual Studio Version 17
VisualStudioVersion = 17.11.35327.3
MinimumVisualStudioVersion = 10.0.40219.1
Project("{FAE04EC0-301F-11D3-BF4B-00C04F79EFBC}") = "1790. Check if One String Swap Can Make Strings Equal", "1790. Check if One String Swap Can Make Strings Equal.csproj", "{5A5868AD-F00D-4B1E-9848-828F6A7F46D0}"
EndProject
Global
	GlobalSection(SolutionConfigurationPlatforms) = preSolution
		Debug|Any CPU = Debug|Any CPU
		Release|Any CPU = Release|Any CPU
	EndGlobalSection
	GlobalSection(ProjectConfigurationPlatforms) = postSolution
		{5A5868AD-F00D-4B1E-9848-828F6A7F46D0}.Debug|Any CPU.ActiveCfg = Debug|Any CPU
		{5A5868AD-F00D-4B1E-9848-828F6A7F46D0}.Debug|Any CPU.Build.0 = Debug|Any CPU
		{5A5868AD-F00D-4B1E-9848-828F6A7F46D0}.Release|Any CPU.ActiveCfg = Release|Any CPU
		{5A5868AD-F00D-4B1E-9848-828F6A7F46D0}.Release|Any CPU.Build.0 = Release|Any CPU
	EndGlobalSection
	GlobalSection(SolutionProperties) = preSolution
		HideSolutionNode = FALSE
	EndGlobalSection
	GlobalSection(ExtensibilityGlobals) = postSolution
		SolutionGuid = {AAA3040A-053C-4670-A5D9-9AE7B3436D40}
	EndGlobalSection
EndGlobal
