
Microsoft Visual Studio Solution File, Format Version 12.00
# Visual Studio Version 17
VisualStudioVersion = 17.7.34202.233
MinimumVisualStudioVersion = 10.0.40219.1
Project("{FAE04EC0-301F-11D3-BF4B-00C04F79EFBC}") = "217. Contains Duplicate", "217. Contains Duplicate.csproj", "{13910D07-5CB0-4F12-8E41-6910337F03A1}"
EndProject
Global
	GlobalSection(SolutionConfigurationPlatforms) = preSolution
		Debug|Any CPU = Debug|Any CPU
		Release|Any CPU = Release|Any CPU
	EndGlobalSection
	GlobalSection(ProjectConfigurationPlatforms) = postSolution
		{13910D07-5CB0-4F12-8E41-6910337F03A1}.Debug|Any CPU.ActiveCfg = Debug|Any CPU
		{13910D07-5CB0-4F12-8E41-6910337F03A1}.Debug|Any CPU.Build.0 = Debug|Any CPU
		{13910D07-5CB0-4F12-8E41-6910337F03A1}.Release|Any CPU.ActiveCfg = Release|Any CPU
		{13910D07-5CB0-4F12-8E41-6910337F03A1}.Release|Any CPU.Build.0 = Release|Any CPU
	EndGlobalSection
	GlobalSection(SolutionProperties) = preSolution
		HideSolutionNode = FALSE
	EndGlobalSection
	GlobalSection(ExtensibilityGlobals) = postSolution
		SolutionGuid = {503EB6F8-B8AD-4658-A264-F911DA420411}
	EndGlobalSection
EndGlobal
