
Microsoft Visual Studio Solution File, Format Version 12.00
# Visual Studio Version 17
VisualStudioVersion = 17.7.34202.233
MinimumVisualStudioVersion = 10.0.40219.1
Project("{FAE04EC0-301F-11D3-BF4B-00C04F79EFBC}") = "1408. String Matching in an Array", "1408. String Matching in an Array.csproj", "{14144BC1-DB8A-4586-868C-71C1A50AB39E}"
EndProject
Global
	GlobalSection(SolutionConfigurationPlatforms) = preSolution
		Debug|Any CPU = Debug|Any CPU
		Release|Any CPU = Release|Any CPU
	EndGlobalSection
	GlobalSection(ProjectConfigurationPlatforms) = postSolution
		{14144BC1-DB8A-4586-868C-71C1A50AB39E}.Debug|Any CPU.ActiveCfg = Debug|Any CPU
		{14144BC1-DB8A-4586-868C-71C1A50AB39E}.Debug|Any CPU.Build.0 = Debug|Any CPU
		{14144BC1-DB8A-4586-868C-71C1A50AB39E}.Release|Any CPU.ActiveCfg = Release|Any CPU
		{14144BC1-DB8A-4586-868C-71C1A50AB39E}.Release|Any CPU.Build.0 = Release|Any CPU
	EndGlobalSection
	GlobalSection(SolutionProperties) = preSolution
		HideSolutionNode = FALSE
	EndGlobalSection
	GlobalSection(ExtensibilityGlobals) = postSolution
		SolutionGuid = {07C1F451-3CC9-4EE1-B08D-0DEDBF4DD69B}
	EndGlobalSection
EndGlobal
