
Microsoft Visual Studio Solution File, Format Version 12.00
# Visual Studio Version 17
VisualStudioVersion = 17.9.34616.47
MinimumVisualStudioVersion = 10.0.40219.1
Project("{FAE04EC0-301F-11D3-BF4B-00C04F79EFBC}") = "2000. Reverse Prefix of Word", "2000. Reverse Prefix of Word.csproj", "{914CAAF1-8520-442E-8144-25F00D09AC44}"
EndProject
Global
	GlobalSection(SolutionConfigurationPlatforms) = preSolution
		Debug|Any CPU = Debug|Any CPU
		Release|Any CPU = Release|Any CPU
	EndGlobalSection
	GlobalSection(ProjectConfigurationPlatforms) = postSolution
		{914CAAF1-8520-442E-8144-25F00D09AC44}.Debug|Any CPU.ActiveCfg = Debug|Any CPU
		{914CAAF1-8520-442E-8144-25F00D09AC44}.Debug|Any CPU.Build.0 = Debug|Any CPU
		{914CAAF1-8520-442E-8144-25F00D09AC44}.Release|Any CPU.ActiveCfg = Release|Any CPU
		{914CAAF1-8520-442E-8144-25F00D09AC44}.Release|Any CPU.Build.0 = Release|Any CPU
	EndGlobalSection
	GlobalSection(SolutionProperties) = preSolution
		HideSolutionNode = FALSE
	EndGlobalSection
	GlobalSection(ExtensibilityGlobals) = postSolution
		SolutionGuid = {3CCBA926-F39A-416F-83DD-ECE0DEAFE153}
	EndGlobalSection
EndGlobal
