
Microsoft Visual Studio Solution File, Format Version 12.00
# Visual Studio Version 17
VisualStudioVersion = 17.7.34202.233
MinimumVisualStudioVersion = 10.0.40219.1
Project("{FAE04EC0-301F-11D3-BF4B-00C04F79EFBC}") = "67. Add Binary", "67. Add Binary.csproj", "{01C8132C-2229-4CE2-94DB-1393235748C6}"
EndProject
Global
	GlobalSection(SolutionConfigurationPlatforms) = preSolution
		Debug|Any CPU = Debug|Any CPU
		Release|Any CPU = Release|Any CPU
	EndGlobalSection
	GlobalSection(ProjectConfigurationPlatforms) = postSolution
		{01C8132C-2229-4CE2-94DB-1393235748C6}.Debug|Any CPU.ActiveCfg = Debug|Any CPU
		{01C8132C-2229-4CE2-94DB-1393235748C6}.Debug|Any CPU.Build.0 = Debug|Any CPU
		{01C8132C-2229-4CE2-94DB-1393235748C6}.Release|Any CPU.ActiveCfg = Release|Any CPU
		{01C8132C-2229-4CE2-94DB-1393235748C6}.Release|Any CPU.Build.0 = Release|Any CPU
	EndGlobalSection
	GlobalSection(SolutionProperties) = preSolution
		HideSolutionNode = FALSE
	EndGlobalSection
	GlobalSection(ExtensibilityGlobals) = postSolution
		SolutionGuid = {B366EDD9-4812-4C7F-AC6E-895396AFF849}
	EndGlobalSection
EndGlobal
