
Microsoft Visual Studio Solution File, Format Version 12.00
# Visual Studio Version 17
VisualStudioVersion = 17.9.34616.47
MinimumVisualStudioVersion = 10.0.40219.1
Project("{FAE04EC0-301F-11D3-BF4B-00C04F79EFBC}") = "463. Island Perimeter", "463. Island Perimeter.csproj", "{B2E74566-221E-4953-B10C-580AA3D54731}"
EndProject
Global
	GlobalSection(SolutionConfigurationPlatforms) = preSolution
		Debug|Any CPU = Debug|Any CPU
		Release|Any CPU = Release|Any CPU
	EndGlobalSection
	GlobalSection(ProjectConfigurationPlatforms) = postSolution
		{B2E74566-221E-4953-B10C-580AA3D54731}.Debug|Any CPU.ActiveCfg = Debug|Any CPU
		{B2E74566-221E-4953-B10C-580AA3D54731}.Debug|Any CPU.Build.0 = Debug|Any CPU
		{B2E74566-221E-4953-B10C-580AA3D54731}.Release|Any CPU.ActiveCfg = Release|Any CPU
		{B2E74566-221E-4953-B10C-580AA3D54731}.Release|Any CPU.Build.0 = Release|Any CPU
	EndGlobalSection
	GlobalSection(SolutionProperties) = preSolution
		HideSolutionNode = FALSE
	EndGlobalSection
	GlobalSection(ExtensibilityGlobals) = postSolution
		SolutionGuid = {D4CAF89A-1A59-4E09-B4D4-C8910DA4021E}
	EndGlobalSection
EndGlobal
