
Microsoft Visual Studio Solution File, Format Version 12.00
# Visual Studio Version 17
VisualStudioVersion = 17.9.34616.47
MinimumVisualStudioVersion = 10.0.40219.1
Project("{FAE04EC0-301F-11D3-BF4B-00C04F79EFBC}") = "111. Minimum Depth of Binary Tree", "111. Minimum Depth of Binary Tree.csproj", "{FA8E3767-D666-4EC0-9488-06D47F795E14}"
EndProject
Global
	GlobalSection(SolutionConfigurationPlatforms) = preSolution
		Debug|Any CPU = Debug|Any CPU
		Release|Any CPU = Release|Any CPU
	EndGlobalSection
	GlobalSection(ProjectConfigurationPlatforms) = postSolution
		{FA8E3767-D666-4EC0-9488-06D47F795E14}.Debug|Any CPU.ActiveCfg = Debug|Any CPU
		{FA8E3767-D666-4EC0-9488-06D47F795E14}.Debug|Any CPU.Build.0 = Debug|Any CPU
		{FA8E3767-D666-4EC0-9488-06D47F795E14}.Release|Any CPU.ActiveCfg = Release|Any CPU
		{FA8E3767-D666-4EC0-9488-06D47F795E14}.Release|Any CPU.Build.0 = Release|Any CPU
	EndGlobalSection
	GlobalSection(SolutionProperties) = preSolution
		HideSolutionNode = FALSE
	EndGlobalSection
	GlobalSection(ExtensibilityGlobals) = postSolution
		SolutionGuid = {D04EAF47-FB6D-4CBE-99ED-58F0C5059F5F}
	EndGlobalSection
EndGlobal
