
Microsoft Visual Studio Solution File, Format Version 12.00
# Visual Studio Version 17
VisualStudioVersion = 17.8.34511.84
MinimumVisualStudioVersion = 10.0.40219.1
Project("{FAE04EC0-301F-11D3-BF4B-00C04F79EFBC}") = "1717. Maximum Score From Removing Substrings", "1717. Maximum Score From Removing Substrings.csproj", "{9157B662-0345-4F90-AF4B-D34A5BCD8B6C}"
EndProject
Global
	GlobalSection(SolutionConfigurationPlatforms) = preSolution
		Debug|Any CPU = Debug|Any CPU
		Release|Any CPU = Release|Any CPU
	EndGlobalSection
	GlobalSection(ProjectConfigurationPlatforms) = postSolution
		{9157B662-0345-4F90-AF4B-D34A5BCD8B6C}.Debug|Any CPU.ActiveCfg = Debug|Any CPU
		{9157B662-0345-4F90-AF4B-D34A5BCD8B6C}.Debug|Any CPU.Build.0 = Debug|Any CPU
		{9157B662-0345-4F90-AF4B-D34A5BCD8B6C}.Release|Any CPU.ActiveCfg = Release|Any CPU
		{9157B662-0345-4F90-AF4B-D34A5BCD8B6C}.Release|Any CPU.Build.0 = Release|Any CPU
	EndGlobalSection
	GlobalSection(SolutionProperties) = preSolution
		HideSolutionNode = FALSE
	EndGlobalSection
	GlobalSection(ExtensibilityGlobals) = postSolution
		SolutionGuid = {A35F34AC-E203-4035-84AD-1ABCE2168E3C}
	EndGlobalSection
EndGlobal
