
Microsoft Visual Studio Solution File, Format Version 12.00
# Visual Studio Version 17
VisualStudioVersion = 17.9.34616.47
MinimumVisualStudioVersion = 10.0.40219.1
Project("{FAE04EC0-301F-11D3-BF4B-00C04F79EFBC}") = "2073. Time Needed to Buy Tickets", "2073. Time Needed to Buy Tickets.csproj", "{E7A582FC-83D5-4467-B872-6FB0D927596B}"
EndProject
Global
	GlobalSection(SolutionConfigurationPlatforms) = preSolution
		Debug|Any CPU = Debug|Any CPU
		Release|Any CPU = Release|Any CPU
	EndGlobalSection
	GlobalSection(ProjectConfigurationPlatforms) = postSolution
		{E7A582FC-83D5-4467-B872-6FB0D927596B}.Debug|Any CPU.ActiveCfg = Debug|Any CPU
		{E7A582FC-83D5-4467-B872-6FB0D927596B}.Debug|Any CPU.Build.0 = Debug|Any CPU
		{E7A582FC-83D5-4467-B872-6FB0D927596B}.Release|Any CPU.ActiveCfg = Release|Any CPU
		{E7A582FC-83D5-4467-B872-6FB0D927596B}.Release|Any CPU.Build.0 = Release|Any CPU
	EndGlobalSection
	GlobalSection(SolutionProperties) = preSolution
		HideSolutionNode = FALSE
	EndGlobalSection
	GlobalSection(ExtensibilityGlobals) = postSolution
		SolutionGuid = {FDE5AFCA-DE93-4516-B931-E197499AC8E6}
	EndGlobalSection
EndGlobal
