
Microsoft Visual Studio Solution File, Format Version 12.00
# Visual Studio Version 17
VisualStudioVersion = 17.11.35303.130
MinimumVisualStudioVersion = 10.0.40219.1
Project("{FAE04EC0-301F-11D3-BF4B-00C04F79EFBC}") = "2490. Circular Sentence", "2490. Circular Sentence.csproj", "{F76B9C5F-FEAF-4651-87E6-B8A556C40B18}"
EndProject
Global
	GlobalSection(SolutionConfigurationPlatforms) = preSolution
		Debug|Any CPU = Debug|Any CPU
		Release|Any CPU = Release|Any CPU
	EndGlobalSection
	GlobalSection(ProjectConfigurationPlatforms) = postSolution
		{F76B9C5F-FEAF-4651-87E6-B8A556C40B18}.Debug|Any CPU.ActiveCfg = Debug|Any CPU
		{F76B9C5F-FEAF-4651-87E6-B8A556C40B18}.Debug|Any CPU.Build.0 = Debug|Any CPU
		{F76B9C5F-FEAF-4651-87E6-B8A556C40B18}.Release|Any CPU.ActiveCfg = Release|Any CPU
		{F76B9C5F-FEAF-4651-87E6-B8A556C40B18}.Release|Any CPU.Build.0 = Release|Any CPU
	EndGlobalSection
	GlobalSection(SolutionProperties) = preSolution
		HideSolutionNode = FALSE
	EndGlobalSection
	GlobalSection(ExtensibilityGlobals) = postSolution
		SolutionGuid = {3ACD6860-D4EF-4537-84EF-E8D6E1B9341B}
	EndGlobalSection
EndGlobal
