
Microsoft Visual Studio Solution File, Format Version 12.00
# Visual Studio Version 17
VisualStudioVersion = 17.9.34616.47
MinimumVisualStudioVersion = 10.0.40219.1
Project("{FAE04EC0-301F-11D3-BF4B-00C04F79EFBC}") = "349. Intersection of Two Arrays", "349. Intersection of Two Arrays.csproj", "{6ED4AC56-D1CA-4BE4-B2E1-0F31ECEA8FAB}"
EndProject
Global
	GlobalSection(SolutionConfigurationPlatforms) = preSolution
		Debug|Any CPU = Debug|Any CPU
		Release|Any CPU = Release|Any CPU
	EndGlobalSection
	GlobalSection(ProjectConfigurationPlatforms) = postSolution
		{6ED4AC56-D1CA-4BE4-B2E1-0F31ECEA8FAB}.Debug|Any CPU.ActiveCfg = Debug|Any CPU
		{6ED4AC56-D1CA-4BE4-B2E1-0F31ECEA8FAB}.Debug|Any CPU.Build.0 = Debug|Any CPU
		{6ED4AC56-D1CA-4BE4-B2E1-0F31ECEA8FAB}.Release|Any CPU.ActiveCfg = Release|Any CPU
		{6ED4AC56-D1CA-4BE4-B2E1-0F31ECEA8FAB}.Release|Any CPU.Build.0 = Release|Any CPU
	EndGlobalSection
	GlobalSection(SolutionProperties) = preSolution
		HideSolutionNode = FALSE
	EndGlobalSection
	GlobalSection(ExtensibilityGlobals) = postSolution
		SolutionGuid = {06F5BFE4-E2EF-490B-83EF-C9FE5A837E8F}
	EndGlobalSection
EndGlobal
