
Microsoft Visual Studio Solution File, Format Version 12.00
# Visual Studio Version 17
VisualStudioVersion = 17.11.35222.181
MinimumVisualStudioVersion = 10.0.40219.1
Project("{FAE04EC0-301F-11D3-BF4B-00C04F79EFBC}") = "2220. Minimum Bit Flips to Convert Number", "2220. Minimum Bit Flips to Convert Number.csproj", "{2775CFD2-7044-49B7-B009-942FD91358CB}"
EndProject
Global
	GlobalSection(SolutionConfigurationPlatforms) = preSolution
		Debug|Any CPU = Debug|Any CPU
		Release|Any CPU = Release|Any CPU
	EndGlobalSection
	GlobalSection(ProjectConfigurationPlatforms) = postSolution
		{2775CFD2-7044-49B7-B009-942FD91358CB}.Debug|Any CPU.ActiveCfg = Debug|Any CPU
		{2775CFD2-7044-49B7-B009-942FD91358CB}.Debug|Any CPU.Build.0 = Debug|Any CPU
		{2775CFD2-7044-49B7-B009-942FD91358CB}.Release|Any CPU.ActiveCfg = Release|Any CPU
		{2775CFD2-7044-49B7-B009-942FD91358CB}.Release|Any CPU.Build.0 = Release|Any CPU
	EndGlobalSection
	GlobalSection(SolutionProperties) = preSolution
		HideSolutionNode = FALSE
	EndGlobalSection
	GlobalSection(ExtensibilityGlobals) = postSolution
		SolutionGuid = {4AE56E9B-975D-4F88-8F72-9A2B286649DF}
	EndGlobalSection
EndGlobal
