
Microsoft Visual Studio Solution File, Format Version 12.00
# Visual Studio Version 17
VisualStudioVersion = 17.9.34616.47
MinimumVisualStudioVersion = 10.0.40219.1
Project("{FAE04EC0-301F-11D3-BF4B-00C04F79EFBC}") = "263. Ugly Number", "263. Ugly Number.csproj", "{3D41FE3D-456E-4305-A30E-A9B002030D7A}"
EndProject
Global
	GlobalSection(SolutionConfigurationPlatforms) = preSolution
		Debug|Any CPU = Debug|Any CPU
		Release|Any CPU = Release|Any CPU
	EndGlobalSection
	GlobalSection(ProjectConfigurationPlatforms) = postSolution
		{3D41FE3D-456E-4305-A30E-A9B002030D7A}.Debug|Any CPU.ActiveCfg = Debug|Any CPU
		{3D41FE3D-456E-4305-A30E-A9B002030D7A}.Debug|Any CPU.Build.0 = Debug|Any CPU
		{3D41FE3D-456E-4305-A30E-A9B002030D7A}.Release|Any CPU.ActiveCfg = Release|Any CPU
		{3D41FE3D-456E-4305-A30E-A9B002030D7A}.Release|Any CPU.Build.0 = Release|Any CPU
	EndGlobalSection
	GlobalSection(SolutionProperties) = preSolution
		HideSolutionNode = FALSE
	EndGlobalSection
	GlobalSection(ExtensibilityGlobals) = postSolution
		SolutionGuid = {50E3454A-3C34-453D-AA93-623A65A3D447}
	EndGlobalSection
EndGlobal
