
Microsoft Visual Studio Solution File, Format Version 12.00
# Visual Studio Version 17
VisualStudioVersion = 17.9.34616.47
MinimumVisualStudioVersion = 10.0.40219.1
Project("{FAE04EC0-301F-11D3-BF4B-00C04F79EFBC}") = "3142. Check if Grid Satisfies Conditions", "3142. Check if Grid Satisfies Conditions.csproj", "{2117C69A-B7F7-44D4-977B-10B410A84C2E}"
EndProject
Global
	GlobalSection(SolutionConfigurationPlatforms) = preSolution
		Debug|Any CPU = Debug|Any CPU
		Release|Any CPU = Release|Any CPU
	EndGlobalSection
	GlobalSection(ProjectConfigurationPlatforms) = postSolution
		{2117C69A-B7F7-44D4-977B-10B410A84C2E}.Debug|Any CPU.ActiveCfg = Debug|Any CPU
		{2117C69A-B7F7-44D4-977B-10B410A84C2E}.Debug|Any CPU.Build.0 = Debug|Any CPU
		{2117C69A-B7F7-44D4-977B-10B410A84C2E}.Release|Any CPU.ActiveCfg = Release|Any CPU
		{2117C69A-B7F7-44D4-977B-10B410A84C2E}.Release|Any CPU.Build.0 = Release|Any CPU
	EndGlobalSection
	GlobalSection(SolutionProperties) = preSolution
		HideSolutionNode = FALSE
	EndGlobalSection
	GlobalSection(ExtensibilityGlobals) = postSolution
		SolutionGuid = {B63FD466-94A3-4C10-8CCA-C8E7310CBCF3}
	EndGlobalSection
EndGlobal
