
Microsoft Visual Studio Solution File, Format Version 12.00
# Visual Studio Version 17
VisualStudioVersion = 17.8.34511.84
MinimumVisualStudioVersion = 10.0.40219.1
Project("{FAE04EC0-301F-11D3-BF4B-00C04F79EFBC}") = "350. Intersection of Two Arrays II", "350. Intersection of Two Arrays II.csproj", "{3993B379-7563-4393-B27F-57FD5899640A}"
EndProject
Global
	GlobalSection(SolutionConfigurationPlatforms) = preSolution
		Debug|Any CPU = Debug|Any CPU
		Release|Any CPU = Release|Any CPU
	EndGlobalSection
	GlobalSection(ProjectConfigurationPlatforms) = postSolution
		{3993B379-7563-4393-B27F-57FD5899640A}.Debug|Any CPU.ActiveCfg = Debug|Any CPU
		{3993B379-7563-4393-B27F-57FD5899640A}.Debug|Any CPU.Build.0 = Debug|Any CPU
		{3993B379-7563-4393-B27F-57FD5899640A}.Release|Any CPU.ActiveCfg = Release|Any CPU
		{3993B379-7563-4393-B27F-57FD5899640A}.Release|Any CPU.Build.0 = Release|Any CPU
	EndGlobalSection
	GlobalSection(SolutionProperties) = preSolution
		HideSolutionNode = FALSE
	EndGlobalSection
	GlobalSection(ExtensibilityGlobals) = postSolution
		SolutionGuid = {D25609E8-3620-4E07-94B8-3DF088BCB3C0}
	EndGlobalSection
EndGlobal
