
Microsoft Visual Studio Solution File, Format Version 12.00
# Visual Studio Version 17
VisualStudioVersion = 17.7.34202.233
MinimumVisualStudioVersion = 10.0.40219.1
Project("{FAE04EC0-301F-11D3-BF4B-00C04F79EFBC}") = "451. Sort Characters By Frequency", "451. Sort Characters By Frequency.csproj", "{FFD075A3-B796-461F-86A2-6FA7CA5C6C34}"
EndProject
Global
	GlobalSection(SolutionConfigurationPlatforms) = preSolution
		Debug|Any CPU = Debug|Any CPU
		Release|Any CPU = Release|Any CPU
	EndGlobalSection
	GlobalSection(ProjectConfigurationPlatforms) = postSolution
		{FFD075A3-B796-461F-86A2-6FA7CA5C6C34}.Debug|Any CPU.ActiveCfg = Debug|Any CPU
		{FFD075A3-B796-461F-86A2-6FA7CA5C6C34}.Debug|Any CPU.Build.0 = Debug|Any CPU
		{FFD075A3-B796-461F-86A2-6FA7CA5C6C34}.Release|Any CPU.ActiveCfg = Release|Any CPU
		{FFD075A3-B796-461F-86A2-6FA7CA5C6C34}.Release|Any CPU.Build.0 = Release|Any CPU
	EndGlobalSection
	GlobalSection(SolutionProperties) = preSolution
		HideSolutionNode = FALSE
	EndGlobalSection
	GlobalSection(ExtensibilityGlobals) = postSolution
		SolutionGuid = {8976D59B-95C7-4C8F-AAA8-FD4409E83C0E}
	EndGlobalSection
EndGlobal
