
Microsoft Visual Studio Solution File, Format Version 12.00
# Visual Studio Version 17
VisualStudioVersion = 17.10.34916.146
MinimumVisualStudioVersion = 10.0.40219.1
Project("{FAE04EC0-301F-11D3-BF4B-00C04F79EFBC}") = "387. First Unique Character in a String", "387. First Unique Character in a String.csproj", "{365587C1-B178-4250-8A7F-16FEF2F6E3AD}"
EndProject
Global
	GlobalSection(SolutionConfigurationPlatforms) = preSolution
		Debug|Any CPU = Debug|Any CPU
		Release|Any CPU = Release|Any CPU
	EndGlobalSection
	GlobalSection(ProjectConfigurationPlatforms) = postSolution
		{365587C1-B178-4250-8A7F-16FEF2F6E3AD}.Debug|Any CPU.ActiveCfg = Debug|Any CPU
		{365587C1-B178-4250-8A7F-16FEF2F6E3AD}.Debug|Any CPU.Build.0 = Debug|Any CPU
		{365587C1-B178-4250-8A7F-16FEF2F6E3AD}.Release|Any CPU.ActiveCfg = Release|Any CPU
		{365587C1-B178-4250-8A7F-16FEF2F6E3AD}.Release|Any CPU.Build.0 = Release|Any CPU
	EndGlobalSection
	GlobalSection(SolutionProperties) = preSolution
		HideSolutionNode = FALSE
	EndGlobalSection
	GlobalSection(ExtensibilityGlobals) = postSolution
		SolutionGuid = {7006A33B-1263-48C9-AD26-41B7FF9428BA}
	EndGlobalSection
EndGlobal
