
Microsoft Visual Studio Solution File, Format Version 12.00
# Visual Studio Version 17
VisualStudioVersion = 17.11.35303.130
MinimumVisualStudioVersion = 10.0.40219.1
Project("{FAE04EC0-301F-11D3-BF4B-00C04F79EFBC}") = "1957. Delete Characters to Make Fancy String", "1957. Delete Characters to Make Fancy String.csproj", "{CF86E412-11A6-46DB-B522-7B240165FDBB}"
EndProject
Global
	GlobalSection(SolutionConfigurationPlatforms) = preSolution
		Debug|Any CPU = Debug|Any CPU
		Release|Any CPU = Release|Any CPU
	EndGlobalSection
	GlobalSection(ProjectConfigurationPlatforms) = postSolution
		{CF86E412-11A6-46DB-B522-7B240165FDBB}.Debug|Any CPU.ActiveCfg = Debug|Any CPU
		{CF86E412-11A6-46DB-B522-7B240165FDBB}.Debug|Any CPU.Build.0 = Debug|Any CPU
		{CF86E412-11A6-46DB-B522-7B240165FDBB}.Release|Any CPU.ActiveCfg = Release|Any CPU
		{CF86E412-11A6-46DB-B522-7B240165FDBB}.Release|Any CPU.Build.0 = Release|Any CPU
	EndGlobalSection
	GlobalSection(SolutionProperties) = preSolution
		HideSolutionNode = FALSE
	EndGlobalSection
	GlobalSection(ExtensibilityGlobals) = postSolution
		SolutionGuid = {5357C37C-801F-423B-89D3-636259752AB2}
	EndGlobalSection
EndGlobal
