
Microsoft Visual Studio Solution File, Format Version 12.00
# Visual Studio Version 17
VisualStudioVersion = 17.8.34511.84
MinimumVisualStudioVersion = 10.0.40219.1
Project("{FAE04EC0-301F-11D3-BF4B-00C04F79EFBC}") = "122. Best Time to Buy and Sell Stock II", "122. Best Time to Buy and Sell Stock II.csproj", "{73D551C6-2C39-48A9-9500-1FDE5A25E62A}"
EndProject
Global
	GlobalSection(SolutionConfigurationPlatforms) = preSolution
		Debug|Any CPU = Debug|Any CPU
		Release|Any CPU = Release|Any CPU
	EndGlobalSection
	GlobalSection(ProjectConfigurationPlatforms) = postSolution
		{73D551C6-2C39-48A9-9500-1FDE5A25E62A}.Debug|Any CPU.ActiveCfg = Debug|Any CPU
		{73D551C6-2C39-48A9-9500-1FDE5A25E62A}.Debug|Any CPU.Build.0 = Debug|Any CPU
		{73D551C6-2C39-48A9-9500-1FDE5A25E62A}.Release|Any CPU.ActiveCfg = Release|Any CPU
		{73D551C6-2C39-48A9-9500-1FDE5A25E62A}.Release|Any CPU.Build.0 = Release|Any CPU
	EndGlobalSection
	GlobalSection(SolutionProperties) = preSolution
		HideSolutionNode = FALSE
	EndGlobalSection
	GlobalSection(ExtensibilityGlobals) = postSolution
		SolutionGuid = {22483A73-3C81-408F-96D1-EC19F1C9671E}
	EndGlobalSection
EndGlobal
